// !$*UTF8*$!
{
	archiveVersion = 1;
	classes = {
	};
	objectVersion = 55;
	objects = {

/* Begin PBXBuildFile section */
		4C02934028C10225009BE04B /* StreakView.swift in Sources */ = {isa = PBXBuildFile; fileRef = 4C02933F28C10225009BE04B /* StreakView.swift */; };
		4C80C6A628C269AB0007A598 /* WidgetKit.framework in Frameworks */ = {isa = PBXBuildFile; fileRef = 4C80C6A528C269AB0007A598 /* WidgetKit.framework */; };
		4C80C6A828C269AB0007A598 /* SwiftUI.framework in Frameworks */ = {isa = PBXBuildFile; fileRef = 4C80C6A728C269AB0007A598 /* SwiftUI.framework */; };
		4C80C6AB28C269AB0007A598 /* SwiftCalWidget.swift in Sources */ = {isa = PBXBuildFile; fileRef = 4C80C6AA28C269AB0007A598 /* SwiftCalWidget.swift */; };
		4C80C6AD28C269AC0007A598 /* Assets.xcassets in Resources */ = {isa = PBXBuildFile; fileRef = 4C80C6AC28C269AC0007A598 /* Assets.xcassets */; };
		4C80C6B128C269AC0007A598 /* SwiftCalWidgetExtension.appex in Embed App Extensions */ = {isa = PBXBuildFile; fileRef = 4C80C6A328C269AB0007A598 /* SwiftCalWidgetExtension.appex */; settings = {ATTRIBUTES = (RemoveHeadersOnCopy, ); }; };
		4C80C6B928C77F7C0007A598 /* CalendarHeaderView.swift in Sources */ = {isa = PBXBuildFile; fileRef = 4C80C6B828C77F7C0007A598 /* CalendarHeaderView.swift */; };
		4C80C6BA28C77F940007A598 /* CalendarHeaderView.swift in Sources */ = {isa = PBXBuildFile; fileRef = 4C80C6B828C77F7C0007A598 /* CalendarHeaderView.swift */; };
		4C80C6BB28C783020007A598 /* Calendar.xcdatamodeld in Sources */ = {isa = PBXBuildFile; fileRef = 4CB1AE8728BFEC0400E9B3F9 /* Calendar.xcdatamodeld */; };
		4C80C6BC28C784A10007A598 /* DateExtension.swift in Sources */ = {isa = PBXBuildFile; fileRef = 4CB1AE8F28C0F5F400E9B3F9 /* DateExtension.swift */; };
		4C80C6BD28C7850D0007A598 /* Persistence.swift in Sources */ = {isa = PBXBuildFile; fileRef = 4CB1AE8528BFEC0400E9B3F9 /* Persistence.swift */; };
		4CB1AE7D28BFEC0400E9B3F9 /* CalendarApp.swift in Sources */ = {isa = PBXBuildFile; fileRef = 4CB1AE7C28BFEC0400E9B3F9 /* CalendarApp.swift */; };
		4CB1AE7F28BFEC0400E9B3F9 /* CalendarView.swift in Sources */ = {isa = PBXBuildFile; fileRef = 4CB1AE7E28BFEC0400E9B3F9 /* CalendarView.swift */; };
		4CB1AE8128BFEC0400E9B3F9 /* Assets.xcassets in Resources */ = {isa = PBXBuildFile; fileRef = 4CB1AE8028BFEC0400E9B3F9 /* Assets.xcassets */; };
		4CB1AE8428BFEC0400E9B3F9 /* Preview Assets.xcassets in Resources */ = {isa = PBXBuildFile; fileRef = 4CB1AE8328BFEC0400E9B3F9 /* Preview Assets.xcassets */; };
		4CB1AE8628BFEC0400E9B3F9 /* Persistence.swift in Sources */ = {isa = PBXBuildFile; fileRef = 4CB1AE8528BFEC0400E9B3F9 /* Persistence.swift */; };
		4CB1AE8928BFEC0400E9B3F9 /* Calendar.xcdatamodeld in Sources */ = {isa = PBXBuildFile; fileRef = 4CB1AE8728BFEC0400E9B3F9 /* Calendar.xcdatamodeld */; };
		4CB1AE9028C0F5F400E9B3F9 /* DateExtension.swift in Sources */ = {isa = PBXBuildFile; fileRef = 4CB1AE8F28C0F5F400E9B3F9 /* DateExtension.swift */; };
/* End PBXBuildFile section */

/* Begin PBXContainerItemProxy section */
		4C80C6AF28C269AC0007A598 /* PBXContainerItemProxy */ = {
			isa = PBXContainerItemProxy;
			containerPortal = 4CB1AE7128BFEC0400E9B3F9 /* Project object */;
			proxyType = 1;
			remoteGlobalIDString = 4C80C6A228C269AB0007A598;
			remoteInfo = SwiftCalWidgetExtension;
		};
/* End PBXContainerItemProxy section */

/* Begin PBXCopyFilesBuildPhase section */
		4C80C6B228C269AC0007A598 /* Embed App Extensions */ = {
			isa = PBXCopyFilesBuildPhase;
			buildActionMask = 2147483647;
			dstPath = "";
			dstSubfolderSpec = 13;
			files = (
				4C80C6B128C269AC0007A598 /* SwiftCalWidgetExtension.appex in Embed App Extensions */,
			);
			name = "Embed App Extensions";
			runOnlyForDeploymentPostprocessing = 0;
		};
/* End PBXCopyFilesBuildPhase section */

/* Begin PBXFileReference section */
		4C02933F28C10225009BE04B /* StreakView.swift */ = {isa = PBXFileReference; lastKnownFileType = sourcecode.swift; path = StreakView.swift; sourceTree = "<group>"; };
		4C80C6A328C269AB0007A598 /* SwiftCalWidgetExtension.appex */ = {isa = PBXFileReference; explicitFileType = "wrapper.app-extension"; includeInIndex = 0; path = SwiftCalWidgetExtension.appex; sourceTree = BUILT_PRODUCTS_DIR; };
		4C80C6A528C269AB0007A598 /* WidgetKit.framework */ = {isa = PBXFileReference; lastKnownFileType = wrapper.framework; name = WidgetKit.framework; path = System/Library/Frameworks/WidgetKit.framework; sourceTree = SDKROOT; };
		4C80C6A728C269AB0007A598 /* SwiftUI.framework */ = {isa = PBXFileReference; lastKnownFileType = wrapper.framework; name = SwiftUI.framework; path = System/Library/Frameworks/SwiftUI.framework; sourceTree = SDKROOT; };
		4C80C6AA28C269AB0007A598 /* SwiftCalWidget.swift */ = {isa = PBXFileReference; lastKnownFileType = sourcecode.swift; path = SwiftCalWidget.swift; sourceTree = "<group>"; };
		4C80C6AC28C269AC0007A598 /* Assets.xcassets */ = {isa = PBXFileReference; lastKnownFileType = folder.assetcatalog; path = Assets.xcassets; sourceTree = "<group>"; };
		4C80C6AE28C269AC0007A598 /* Info.plist */ = {isa = PBXFileReference; lastKnownFileType = text.plist.xml; path = Info.plist; sourceTree = "<group>"; };
		4C80C6B628C269D60007A598 /* Calendar.entitlements */ = {isa = PBXFileReference; lastKnownFileType = text.plist.entitlements; path = Calendar.entitlements; sourceTree = "<group>"; };
		4C80C6B728C26A5B0007A598 /* SwiftCalWidgetExtension.entitlements */ = {isa = PBXFileReference; lastKnownFileType = text.plist.entitlements; path = SwiftCalWidgetExtension.entitlements; sourceTree = "<group>"; };
		4C80C6B828C77F7C0007A598 /* CalendarHeaderView.swift */ = {isa = PBXFileReference; lastKnownFileType = sourcecode.swift; path = CalendarHeaderView.swift; sourceTree = "<group>"; };
		4CB1AE7928BFEC0400E9B3F9 /* Calendar.app */ = {isa = PBXFileReference; explicitFileType = wrapper.application; includeInIndex = 0; path = Calendar.app; sourceTree = BUILT_PRODUCTS_DIR; };
		4CB1AE7C28BFEC0400E9B3F9 /* CalendarApp.swift */ = {isa = PBXFileReference; lastKnownFileType = sourcecode.swift; path = CalendarApp.swift; sourceTree = "<group>"; };
		4CB1AE7E28BFEC0400E9B3F9 /* CalendarView.swift */ = {isa = PBXFileReference; lastKnownFileType = sourcecode.swift; path = CalendarView.swift; sourceTree = "<group>"; };
		4CB1AE8028BFEC0400E9B3F9 /* Assets.xcassets */ = {isa = PBXFileReference; lastKnownFileType = folder.assetcatalog; path = Assets.xcassets; sourceTree = "<group>"; };
		4CB1AE8328BFEC0400E9B3F9 /* Preview Assets.xcassets */ = {isa = PBXFileReference; lastKnownFileType = folder.assetcatalog; path = "Preview Assets.xcassets"; sourceTree = "<group>"; };
		4CB1AE8528BFEC0400E9B3F9 /* Persistence.swift */ = {isa = PBXFileReference; lastKnownFileType = sourcecode.swift; path = Persistence.swift; sourceTree = "<group>"; };
		4CB1AE8828BFEC0400E9B3F9 /* Calendar.xcdatamodel */ = {isa = PBXFileReference; lastKnownFileType = wrapper.xcdatamodel; path = Calendar.xcdatamodel; sourceTree = "<group>"; };
		4CB1AE8F28C0F5F400E9B3F9 /* DateExtension.swift */ = {isa = PBXFileReference; lastKnownFileType = sourcecode.swift; path = DateExtension.swift; sourceTree = "<group>"; };
/* End PBXFileReference section */

/* Begin PBXFrameworksBuildPhase section */
		4C80C6A028C269AB0007A598 /* Frameworks */ = {
			isa = PBXFrameworksBuildPhase;
			buildActionMask = 2147483647;
			files = (
				4C80C6A828C269AB0007A598 /* SwiftUI.framework in Frameworks */,
				4C80C6A628C269AB0007A598 /* WidgetKit.framework in Frameworks */,
			);
			runOnlyForDeploymentPostprocessing = 0;
		};
		4CB1AE7628BFEC0400E9B3F9 /* Frameworks */ = {
			isa = PBXFrameworksBuildPhase;
			buildActionMask = 2147483647;
			files = (
			);
			runOnlyForDeploymentPostprocessing = 0;
		};
/* End PBXFrameworksBuildPhase section */

/* Begin PBXGroup section */
		4C80C6A428C269AB0007A598 /* Frameworks */ = {
			isa = PBXGroup;
			children = (
				4C80C6A528C269AB0007A598 /* WidgetKit.framework */,
				4C80C6A728C269AB0007A598 /* SwiftUI.framework */,
			);
			name = Frameworks;
			sourceTree = "<group>";
		};
		4C80C6A928C269AB0007A598 /* SwiftCalWidget */ = {
			isa = PBXGroup;
			children = (
				4C80C6AA28C269AB0007A598 /* SwiftCalWidget.swift */,
				4C80C6AC28C269AC0007A598 /* Assets.xcassets */,
				4C80C6AE28C269AC0007A598 /* Info.plist */,
			);
			path = SwiftCalWidget;
			sourceTree = "<group>";
		};
		4CB1AE7028BFEC0400E9B3F9 = {
			isa = PBXGroup;
			children = (
				4C80C6B728C26A5B0007A598 /* SwiftCalWidgetExtension.entitlements */,
				4CB1AE7B28BFEC0400E9B3F9 /* Calendar */,
				4C80C6A928C269AB0007A598 /* SwiftCalWidget */,
				4C80C6A428C269AB0007A598 /* Frameworks */,
				4CB1AE7A28BFEC0400E9B3F9 /* Products */,
			);
			sourceTree = "<group>";
		};
		4CB1AE7A28BFEC0400E9B3F9 /* Products */ = {
			isa = PBXGroup;
			children = (
				4CB1AE7928BFEC0400E9B3F9 /* Calendar.app */,
				4C80C6A328C269AB0007A598 /* SwiftCalWidgetExtension.appex */,
			);
			name = Products;
			sourceTree = "<group>";
		};
		4CB1AE7B28BFEC0400E9B3F9 /* Calendar */ = {
			isa = PBXGroup;
			children = (
				4C80C6B628C269D60007A598 /* Calendar.entitlements */,
				4CB1AE7C28BFEC0400E9B3F9 /* CalendarApp.swift */,
				4CB1AE7E28BFEC0400E9B3F9 /* CalendarView.swift */,
				4C02933F28C10225009BE04B /* StreakView.swift */,
				4CB1AE8F28C0F5F400E9B3F9 /* DateExtension.swift */,
				4CB1AE8028BFEC0400E9B3F9 /* Assets.xcassets */,
				4CB1AE8528BFEC0400E9B3F9 /* Persistence.swift */,
				4CB1AE8728BFEC0400E9B3F9 /* Calendar.xcdatamodeld */,
				4C80C6B828C77F7C0007A598 /* CalendarHeaderView.swift */,
				4CB1AE8228BFEC0400E9B3F9 /* Preview Content */,
			);
			path = Calendar;
			sourceTree = "<group>";
		};
		4CB1AE8228BFEC0400E9B3F9 /* Preview Content */ = {
			isa = PBXGroup;
			children = (
				4CB1AE8328BFEC0400E9B3F9 /* Preview Assets.xcassets */,
			);
			path = "Preview Content";
			sourceTree = "<group>";
		};
/* End PBXGroup section */

/* Begin PBXNativeTarget section */
		4C80C6A228C269AB0007A598 /* SwiftCalWidgetExtension */ = {
			isa = PBXNativeTarget;
			buildConfigurationList = 4C80C6B528C269AC0007A598 /* Build configuration list for PBXNativeTarget "SwiftCalWidgetExtension" */;
			buildPhases = (
				4C80C69F28C269AB0007A598 /* Sources */,
				4C80C6A028C269AB0007A598 /* Frameworks */,
				4C80C6A128C269AB0007A598 /* Resources */,
			);
			buildRules = (
			);
			dependencies = (
			);
			name = SwiftCalWidgetExtension;
			productName = SwiftCalWidgetExtension;
			productReference = 4C80C6A328C269AB0007A598 /* SwiftCalWidgetExtension.appex */;
			productType = "com.apple.product-type.app-extension";
		};
		4CB1AE7828BFEC0400E9B3F9 /* Calendar */ = {
			isa = PBXNativeTarget;
			buildConfigurationList = 4CB1AE8C28BFEC0400E9B3F9 /* Build configuration list for PBXNativeTarget "Calendar" */;
			buildPhases = (
				4CB1AE7528BFEC0400E9B3F9 /* Sources */,
				4CB1AE7628BFEC0400E9B3F9 /* Frameworks */,
				4CB1AE7728BFEC0400E9B3F9 /* Resources */,
				4C80C6B228C269AC0007A598 /* Embed App Extensions */,
			);
			buildRules = (
			);
			dependencies = (
				4C80C6B028C269AC0007A598 /* PBXTargetDependency */,
			);
			name = Calendar;
			productName = Calendar;
			productReference = 4CB1AE7928BFEC0400E9B3F9 /* Calendar.app */;
			productType = "com.apple.product-type.application";
		};
/* End PBXNativeTarget section */

/* Begin PBXProject section */
		4CB1AE7128BFEC0400E9B3F9 /* Project object */ = {
			isa = PBXProject;
			attributes = {
				BuildIndependentTargetsInParallel = 1;
				LastSwiftUpdateCheck = 1340;
				LastUpgradeCheck = 1340;
				TargetAttributes = {
					4C80C6A228C269AB0007A598 = {
						CreatedOnToolsVersion = 13.4;
					};
					4CB1AE7828BFEC0400E9B3F9 = {
						CreatedOnToolsVersion = 13.4;
					};
				};
			};
			buildConfigurationList = 4CB1AE7428BFEC0400E9B3F9 /* Build configuration list for PBXProject "Calendar" */;
			compatibilityVersion = "Xcode 13.0";
			developmentRegion = en;
			hasScannedForEncodings = 0;
			knownRegions = (
				en,
				Base,
			);
			mainGroup = 4CB1AE7028BFEC0400E9B3F9;
			productRefGroup = 4CB1AE7A28BFEC0400E9B3F9 /* Products */;
			projectDirPath = "";
			projectRoot = "";
			targets = (
				4CB1AE7828BFEC0400E9B3F9 /* Calendar */,
				4C80C6A228C269AB0007A598 /* SwiftCalWidgetExtension */,
			);
		};
/* End PBXProject section */

/* Begin PBXResourcesBuildPhase section */
		4C80C6A128C269AB0007A598 /* Resources */ = {
			isa = PBXResourcesBuildPhase;
			buildActionMask = 2147483647;
			files = (
				4C80C6AD28C269AC0007A598 /* Assets.xcassets in Resources */,
			);
			runOnlyForDeploymentPostprocessing = 0;
		};
		4CB1AE7728BFEC0400E9B3F9 /* Resources */ = {
			isa = PBXResourcesBuildPhase;
			buildActionMask = 2147483647;
			files = (
				4CB1AE8428BFEC0400E9B3F9 /* Preview Assets.xcassets in Resources */,
				4CB1AE8128BFEC0400E9B3F9 /* Assets.xcassets in Resources */,
			);
			runOnlyForDeploymentPostprocessing = 0;
		};
/* End PBXResourcesBuildPhase section */

/* Begin PBXSourcesBuildPhase section */
		4C80C69F28C269AB0007A598 /* Sources */ = {
			isa = PBXSourcesBuildPhase;
			buildActionMask = 2147483647;
			files = (
				4C80C6AB28C269AB0007A598 /* SwiftCalWidget.swift in Sources */,
				4C80C6BC28C784A10007A598 /* DateExtension.swift in Sources */,
				4C80C6BB28C783020007A598 /* Calendar.xcdatamodeld in Sources */,
				4C80C6BA28C77F940007A598 /* CalendarHeaderView.swift in Sources */,
				4C80C6BD28C7850D0007A598 /* Persistence.swift in Sources */,
			);
			runOnlyForDeploymentPostprocessing = 0;
		};
		4CB1AE7528BFEC0400E9B3F9 /* Sources */ = {
			isa = PBXSourcesBuildPhase;
			buildActionMask = 2147483647;
			files = (
				4C02934028C10225009BE04B /* StreakView.swift in Sources */,
				4CB1AE8628BFEC0400E9B3F9 /* Persistence.swift in Sources */,
				4C80C6B928C77F7C0007A598 /* CalendarHeaderView.swift in Sources */,
				4CB1AE9028C0F5F400E9B3F9 /* DateExtension.swift in Sources */,
				4CB1AE7F28BFEC0400E9B3F9 /* CalendarView.swift in Sources */,
				4CB1AE7D28BFEC0400E9B3F9 /* CalendarApp.swift in Sources */,
				4CB1AE8928BFEC0400E9B3F9 /* Calendar.xcdatamodeld in Sources */,
			);
			runOnlyForDeploymentPostprocessing = 0;
		};
/* End PBXSourcesBuildPhase section */

/* Begin PBXTargetDependency section */
		4C80C6B028C269AC0007A598 /* PBXTargetDependency */ = {
			isa = PBXTargetDependency;
			target = 4C80C6A228C269AB0007A598 /* SwiftCalWidgetExtension */;
			targetProxy = 4C80C6AF28C269AC0007A598 /* PBXContainerItemProxy */;
		};
/* End PBXTargetDependency section */

/* Begin XCBuildConfiguration section */
		4C80C6B328C269AC0007A598 /* Debug */ = {
			isa = XCBuildConfiguration;
			buildSettings = {
				ASSETCATALOG_COMPILER_GLOBAL_ACCENT_COLOR_NAME = AccentColor;
				ASSETCATALOG_COMPILER_WIDGET_BACKGROUND_COLOR_NAME = WidgetBackground;
				CODE_SIGN_ENTITLEMENTS = SwiftCalWidgetExtension.entitlements;
				CODE_SIGN_STYLE = Automatic;
				CURRENT_PROJECT_VERSION = 1;
				DEVELOPMENT_TEAM = KPB567M9GJ;
				GENERATE_INFOPLIST_FILE = YES;
				INFOPLIST_FILE = SwiftCalWidget/Info.plist;
				INFOPLIST_KEY_CFBundleDisplayName = SwiftCalWidget;
				INFOPLIST_KEY_NSHumanReadableCopyright = "";
				LD_RUNPATH_SEARCH_PATHS = (
					"$(inherited)",
					"@executable_path/Frameworks",
					"@executable_path/../../Frameworks",
				);
				MARKETING_VERSION = 1.0;
				PRODUCT_BUNDLE_IDENTIFIER = net.peterh.Calendar.SwiftCalWidget;
				PRODUCT_NAME = "$(TARGET_NAME)";
				SKIP_INSTALL = YES;
				SWIFT_EMIT_LOC_STRINGS = YES;
				SWIFT_VERSION = 5.0;
				TARGETED_DEVICE_FAMILY = "1,2";
			};
			name = Debug;
		};
		4C80C6B428C269AC0007A598 /* Release */ = {
			isa = XCBuildConfiguration;
			buildSettings = {
				ASSETCATALOG_COMPILER_GLOBAL_ACCENT_COLOR_NAME = AccentColor;
				ASSETCATALOG_COMPILER_WIDGET_BACKGROUND_COLOR_NAME = WidgetBackground;
				CODE_SIGN_ENTITLEMENTS = SwiftCalWidgetExtension.entitlements;
				CODE_SIGN_STYLE = Automatic;
				CURRENT_PROJECT_VERSION = 1;
				DEVELOPMENT_TEAM = KPB567M9GJ;
				GENERATE_INFOPLIST_FILE = YES;
				INFOPLIST_FILE = SwiftCalWidget/Info.plist;
				INFOPLIST_KEY_CFBundleDisplayName = SwiftCalWidget;
				INFOPLIST_KEY_NSHumanReadableCopyright = "";
				LD_RUNPATH_SEARCH_PATHS = (
					"$(inherited)",
					"@executable_path/Frameworks",
					"@executable_path/../../Frameworks",
				);
				MARKETING_VERSION = 1.0;
				PRODUCT_BUNDLE_IDENTIFIER = net.peterh.Calendar.SwiftCalWidget;
				PRODUCT_NAME = "$(TARGET_NAME)";
				SKIP_INSTALL = YES;
				SWIFT_EMIT_LOC_STRINGS = YES;
				SWIFT_VERSION = 5.0;
				TARGETED_DEVICE_FAMILY = "1,2";
			};
			name = Release;
		};
		4CB1AE8A28BFEC0400E9B3F9 /* Debug */ = {
			isa = XCBuildConfiguration;
			buildSettings = {
				ALWAYS_SEARCH_USER_PATHS = NO;
				CLANG_ANALYZER_NONNULL = YES;
				CLANG_ANALYZER_NUMBER_OBJECT_CONVERSION = YES_AGGRESSIVE;
				CLANG_CXX_LANGUAGE_STANDARD = "gnu++17";
				CLANG_ENABLE_MODULES = YES;
				CLANG_ENABLE_OBJC_ARC = YES;
				CLANG_ENABLE_OBJC_WEAK = YES;
				CLANG_WARN_BLOCK_CAPTURE_AUTORELEASING = YES;
				CLANG_WARN_BOOL_CONVERSION = YES;
				CLANG_WARN_COMMA = YES;
				CLANG_WARN_CONSTANT_CONVERSION = YES;
				CLANG_WARN_DEPRECATED_OBJC_IMPLEMENTATIONS = YES;
				CLANG_WARN_DIRECT_OBJC_ISA_USAGE = YES_ERROR;
				CLANG_WARN_DOCUMENTATION_COMMENTS = YES;
				CLANG_WARN_EMPTY_BODY = YES;
				CLANG_WARN_ENUM_CONVERSION = YES;
				CLANG_WARN_INFINITE_RECURSION = YES;
				CLANG_WARN_INT_CONVERSION = YES;
				CLANG_WARN_NON_LITERAL_NULL_CONVERSION = YES;
				CLANG_WARN_OBJC_IMPLICIT_RETAIN_SELF = YES;
				CLANG_WARN_OBJC_LITERAL_CONVERSION = YES;
				CLANG_WARN_OBJC_ROOT_CLASS = YES_ERROR;
				CLANG_WARN_QUOTED_INCLUDE_IN_FRAMEWORK_HEADER = YES;
				CLANG_WARN_RANGE_LOOP_ANALYSIS = YES;
				CLANG_WARN_STRICT_PROTOTYPES = YES;
				CLANG_WARN_SUSPICIOUS_MOVE = YES;
				CLANG_WARN_UNGUARDED_AVAILABILITY = YES_AGGRESSIVE;
				CLANG_WARN_UNREACHABLE_CODE = YES;
				CLANG_WARN__DUPLICATE_METHOD_MATCH = YES;
				COPY_PHASE_STRIP = NO;
				DEBUG_INFORMATION_FORMAT = dwarf;
				ENABLE_STRICT_OBJC_MSGSEND = YES;
				ENABLE_TESTABILITY = YES;
				GCC_C_LANGUAGE_STANDARD = gnu11;
				GCC_DYNAMIC_NO_PIC = NO;
				GCC_NO_COMMON_BLOCKS = YES;
				GCC_OPTIMIZATION_LEVEL = 0;
				GCC_PREPROCESSOR_DEFINITIONS = (
					"DEBUG=1",
					"$(inherited)",
				);
				GCC_WARN_64_TO_32_BIT_CONVERSION = YES;
				GCC_WARN_ABOUT_RETURN_TYPE = YES_ERROR;
				GCC_WARN_UNDECLARED_SELECTOR = YES;
				GCC_WARN_UNINITIALIZED_AUTOS = YES_AGGRESSIVE;
				GCC_WARN_UNUSED_FUNCTION = YES;
				GCC_WARN_UNUSED_VARIABLE = YES;
				IPHONEOS_DEPLOYMENT_TARGET = 15.5;
				MTL_ENABLE_DEBUG_INFO = INCLUDE_SOURCE;
				MTL_FAST_MATH = YES;
				ONLY_ACTIVE_ARCH = YES;
				SDKROOT = iphoneos;
				SWIFT_ACTIVE_COMPILATION_CONDITIONS = DEBUG;
				SWIFT_OPTIMIZATION_LEVEL = "-Onone";
			};
			name = Debug;
		};
		4CB1AE8B28BFEC0400E9B3F9 /* Release */ = {
			isa = XCBuildConfiguration;
			buildSettings = {
				ALWAYS_SEARCH_USER_PATHS = NO;
				CLANG_ANALYZER_NONNULL = YES;
				CLANG_ANALYZER_NUMBER_OBJECT_CONVERSION = YES_AGGRESSIVE;
				CLANG_CXX_LANGUAGE_STANDARD = "gnu++17";
				CLANG_ENABLE_MODULES = YES;
				CLANG_ENABLE_OBJC_ARC = YES;
				CLANG_ENABLE_OBJC_WEAK = YES;
				CLANG_WARN_BLOCK_CAPTURE_AUTORELEASING = YES;
				CLANG_WARN_BOOL_CONVERSION = YES;
				CLANG_WARN_COMMA = YES;
				CLANG_WARN_CONSTANT_CONVERSION = YES;
				CLANG_WARN_DEPRECATED_OBJC_IMPLEMENTATIONS = YES;
				CLANG_WARN_DIRECT_OBJC_ISA_USAGE = YES_ERROR;
				CLANG_WARN_DOCUMENTATION_COMMENTS = YES;
				CLANG_WARN_EMPTY_BODY = YES;
				CLANG_WARN_ENUM_CONVERSION = YES;
				CLANG_WARN_INFINITE_RECURSION = YES;
				CLANG_WARN_INT_CONVERSION = YES;
				CLANG_WARN_NON_LITERAL_NULL_CONVERSION = YES;
				CLANG_WARN_OBJC_IMPLICIT_RETAIN_SELF = YES;
				CLANG_WARN_OBJC_LITERAL_CONVERSION = YES;
				CLANG_WARN_OBJC_ROOT_CLASS = YES_ERROR;
				CLANG_WARN_QUOTED_INCLUDE_IN_FRAMEWORK_HEADER = YES;
				CLANG_WARN_RANGE_LOOP_ANALYSIS = YES;
				CLANG_WARN_STRICT_PROTOTYPES = YES;
				CLANG_WARN_SUSPICIOUS_MOVE = YES;
				CLANG_WARN_UNGUARDED_AVAILABILITY = YES_AGGRESSIVE;
				CLANG_WARN_UNREACHABLE_CODE = YES;
				CLANG_WARN__DUPLICATE_METHOD_MATCH = YES;
				COPY_PHASE_STRIP = NO;
				DEBUG_INFORMATION_FORMAT = "dwarf-with-dsym";
				ENABLE_NS_ASSERTIONS = NO;
				ENABLE_STRICT_OBJC_MSGSEND = YES;
				GCC_C_LANGUAGE_STANDARD = gnu11;
				GCC_NO_COMMON_BLOCKS = YES;
				GCC_WARN_64_TO_32_BIT_CONVERSION = YES;
				GCC_WARN_ABOUT_RETURN_TYPE = YES_ERROR;
				GCC_WARN_UNDECLARED_SELECTOR = YES;
				GCC_WARN_UNINITIALIZED_AUTOS = YES_AGGRESSIVE;
				GCC_WARN_UNUSED_FUNCTION = YES;
				GCC_WARN_UNUSED_VARIABLE = YES;
				IPHONEOS_DEPLOYMENT_TARGET = 15.5;
				MTL_ENABLE_DEBUG_INFO = NO;
				MTL_FAST_MATH = YES;
				SDKROOT = iphoneos;
				SWIFT_COMPILATION_MODE = wholemodule;
				SWIFT_OPTIMIZATION_LEVEL = "-O";
				VALIDATE_PRODUCT = YES;
			};
			name = Release;
		};
		4CB1AE8D28BFEC0400E9B3F9 /* Debug */ = {
			isa = XCBuildConfiguration;
			buildSettings = {
				ALWAYS_EMBED_SWIFT_STANDARD_LIBRARIES = YES;
				ASSETCATALOG_COMPILER_APPICON_NAME = AppIcon;
				ASSETCATALOG_COMPILER_GLOBAL_ACCENT_COLOR_NAME = AccentColor;
				CODE_SIGN_ENTITLEMENTS = Calendar/Calendar.entitlements;
				CODE_SIGN_STYLE = Automatic;
				CURRENT_PROJECT_VERSION = 1;
				DEVELOPMENT_ASSET_PATHS = "\"Calendar/Preview Content\"";
				DEVELOPMENT_TEAM = KPB567M9GJ;
				ENABLE_PREVIEWS = YES;
				GENERATE_INFOPLIST_FILE = YES;
				INFOPLIST_KEY_UIApplicationSceneManifest_Generation = YES;
				INFOPLIST_KEY_UIApplicationSupportsIndirectInputEvents = YES;
				INFOPLIST_KEY_UILaunchScreen_Generation = YES;
				INFOPLIST_KEY_UISupportedInterfaceOrientations_iPad = "UIInterfaceOrientationPortrait UIInterfaceOrientationPortraitUpsideDown UIInterfaceOrientationLandscapeLeft UIInterfaceOrientationLandscapeRight";
				INFOPLIST_KEY_UISupportedInterfaceOrientations_iPhone = "UIInterfaceOrientationPortrait UIInterfaceOrientationLandscapeLeft UIInterfaceOrientationLandscapeRight";
				LD_RUNPATH_SEARCH_PATHS = (
					"$(inherited)",
					"@executable_path/Frameworks",
				);
				MARKETING_VERSION = 1.0;
				PRODUCT_BUNDLE_IDENTIFIER = net.peterh.Calendar;
				PRODUCT_NAME = "$(TARGET_NAME)";
				SWIFT_EMIT_LOC_STRINGS = YES;
				SWIFT_VERSION = 5.0;
				TARGETED_DEVICE_FAMILY = "1,2";
			};
			name = Debug;
		};
		4CB1AE8E28BFEC0400E9B3F9 /* Release */ = {
			isa = XCBuildConfiguration;
			buildSettings = {
				ALWAYS_EMBED_SWIFT_STANDARD_LIBRARIES = YES;
				ASSETCATALOG_COMPILER_APPICON_NAME = AppIcon;
				ASSETCATALOG_COMPILER_GLOBAL_ACCENT_COLOR_NAME = AccentColor;
				CODE_SIGN_ENTITLEMENTS = Calendar/Calendar.entitlements;
				CODE_SIGN_STYLE = Automatic;
				CURRENT_PROJECT_VERSION = 1;
				DEVELOPMENT_ASSET_PATHS = "\"Calendar/Preview Content\"";
				DEVELOPMENT_TEAM = KPB567M9GJ;
				ENABLE_PREVIEWS = YES;
				GENERATE_INFOPLIST_FILE = YES;
				INFOPLIST_KEY_UIApplicationSceneManifest_Generation = YES;
				INFOPLIST_KEY_UIApplicationSupportsIndirectInputEvents = YES;
				INFOPLIST_KEY_UILaunchScreen_Generation = YES;
				INFOPLIST_KEY_UISupportedInterfaceOrientations_iPad = "UIInterfaceOrientationPortrait UIInterfaceOrientationPortraitUpsideDown UIInterfaceOrientationLandscapeLeft UIInterfaceOrientationLandscapeRight";
				INFOPLIST_KEY_UISupportedInterfaceOrientations_iPhone = "UIInterfaceOrientationPortrait UIInterfaceOrientationLandscapeLeft UIInterfaceOrientationLandscapeRight";
				LD_RUNPATH_SEARCH_PATHS = (
					"$(inherited)",
					"@executable_path/Frameworks",
				);
				MARKETING_VERSION = 1.0;
				PRODUCT_BUNDLE_IDENTIFIER = net.peterh.Calendar;
				PRODUCT_NAME = "$(TARGET_NAME)";
				SWIFT_EMIT_LOC_STRINGS = YES;
				SWIFT_VERSION = 5.0;
				TARGETED_DEVICE_FAMILY = "1,2";
			};
			name = Release;
		};
/* End XCBuildConfiguration section */

/* Begin XCConfigurationList section */
		4C80C6B528C269AC0007A598 /* Build configuration list for PBXNativeTarget "SwiftCalWidgetExtension" */ = {
			isa = XCConfigurationList;
			buildConfigurations = (
				4C80C6B328C269AC0007A598 /* Debug */,
				4C80C6B428C269AC0007A598 /* Release */,
			);
			defaultConfigurationIsVisible = 0;
			defaultConfigurationName = Release;
		};
		4CB1AE7428BFEC0400E9B3F9 /* Build configuration list for PBXProject "Calendar" */ = {
			isa = XCConfigurationList;
			buildConfigurations = (
				4CB1AE8A28BFEC0400E9B3F9 /* Debug */,
				4CB1AE8B28BFEC0400E9B3F9 /* Release */,
			);
			defaultConfigurationIsVisible = 0;
			defaultConfigurationName = Release;
		};
		4CB1AE8C28BFEC0400E9B3F9 /* Build configuration list for PBXNativeTarget "Calendar" */ = {
			isa = XCConfigurationList;
			buildConfigurations = (
				4CB1AE8D28BFEC0400E9B3F9 /* Debug */,
				4CB1AE8E28BFEC0400E9B3F9 /* Release */,
			);
			defaultConfigurationIsVisible = 0;
			defaultConfigurationName = Release;
		};
/* End XCConfigurationList section */

/* Begin XCVersionGroup section */
		4CB1AE8728BFEC0400E9B3F9 /* Calendar.xcdatamodeld */ = {
			isa = XCVersionGroup;
			children = (
				4CB1AE8828BFEC0400E9B3F9 /* Calendar.xcdatamodel */,
			);
			currentVersion = 4CB1AE8828BFEC0400E9B3F9 /* Calendar.xcdatamodel */;
			path = Calendar.xcdatamodeld;
			sourceTree = "<group>";
			versionGroupType = wrapper.xcdatamodel;
		};
/* End XCVersionGroup section */
	};
	rootObject = 4CB1AE7128BFEC0400E9B3F9 /* Project object */;
}
